
Microsoft Visual Studio Solution File, Format Version 12.00
# Visual Studio Version 17
VisualStudioVersion = 17.4.33122.133
MinimumVisualStudioVersion = 10.0.40219.1
Project("{FAE04EC0-301F-11D3-BF4B-00C04F79EFBC}") = "SistemaVenta.Entity", "SistemaVenta.Entity\SistemaVenta.Entity.csproj", "{31D3BDD8-662D-420E-9D25-EDB420165681}"
EndProject
Project("{FAE04EC0-301F-11D3-BF4B-00C04F79EFBC}") = "SistemaVenta.DAL", "SistemaVenta.DAL\SistemaVenta.DAL.csproj", "{C8F6A750-E8D6-4650-A233-5AADE927627F}"
EndProject
Project("{FAE04EC0-301F-11D3-BF4B-00C04F79EFBC}") = "SistemaVenta.BLL", "SistemaVenta.BLL\SistemaVenta.BLL.csproj", "{FB1B743D-707D-4AC7-A351-239B32CB05F3}"
EndProject
Project("{FAE04EC0-301F-11D3-BF4B-00C04F79EFBC}") = "SistemaVenta.IOC", "SistemaVenta.IOC\SistemaVenta.IOC.csproj", "{41FB85C3-027E-4682-A696-915296FEDDC7}"
EndProject
Project("{FAE04EC0-301F-11D3-BF4B-00C04F79EFBC}") = "SistemaVenta.ApliWeb", "SistemaVenta.ApliWeb\SistemaVenta.ApliWeb.csproj", "{E22B6FCC-C94C-4B29-8CCB-563DA188057A}"
EndProject
Global
	GlobalSection(SolutionConfigurationPlatforms) = preSolution
		Debug|Any CPU = Debug|Any CPU
		Release|Any CPU = Release|Any CPU
	EndGlobalSection
	GlobalSection(ProjectConfigurationPlatforms) = postSolution
		{31D3BDD8-662D-420E-9D25-EDB420165681}.Debug|Any CPU.ActiveCfg = Debug|Any CPU
		{31D3BDD8-662D-420E-9D25-EDB420165681}.Debug|Any CPU.Build.0 = Debug|Any CPU
		{31D3BDD8-662D-420E-9D25-EDB420165681}.Release|Any CPU.ActiveCfg = Release|Any CPU
		{31D3BDD8-662D-420E-9D25-EDB420165681}.Release|Any CPU.Build.0 = Release|Any CPU
		{C8F6A750-E8D6-4650-A233-5AADE927627F}.Debug|Any CPU.ActiveCfg = Debug|Any CPU
		{C8F6A750-E8D6-4650-A233-5AADE927627F}.Debug|Any CPU.Build.0 = Debug|Any CPU
		{C8F6A750-E8D6-4650-A233-5AADE927627F}.Release|Any CPU.ActiveCfg = Release|Any CPU
		{C8F6A750-E8D6-4650-A233-5AADE927627F}.Release|Any CPU.Build.0 = Release|Any CPU
		{FB1B743D-707D-4AC7-A351-239B32CB05F3}.Debug|Any CPU.ActiveCfg = Debug|Any CPU
		{FB1B743D-707D-4AC7-A351-239B32CB05F3}.Debug|Any CPU.Build.0 = Debug|Any CPU
		{FB1B743D-707D-4AC7-A351-239B32CB05F3}.Release|Any CPU.ActiveCfg = Release|Any CPU
		{FB1B743D-707D-4AC7-A351-239B32CB05F3}.Release|Any CPU.Build.0 = Release|Any CPU
		{41FB85C3-027E-4682-A696-915296FEDDC7}.Debug|Any CPU.ActiveCfg = Debug|Any CPU
		{41FB85C3-027E-4682-A696-915296FEDDC7}.Debug|Any CPU.Build.0 = Debug|Any CPU
		{41FB85C3-027E-4682-A696-915296FEDDC7}.Release|Any CPU.ActiveCfg = Release|Any CPU
		{41FB85C3-027E-4682-A696-915296FEDDC7}.Release|Any CPU.Build.0 = Release|Any CPU
		{E22B6FCC-C94C-4B29-8CCB-563DA188057A}.Debug|Any CPU.ActiveCfg = Debug|Any CPU
		{E22B6FCC-C94C-4B29-8CCB-563DA188057A}.Debug|Any CPU.Build.0 = Debug|Any CPU
		{E22B6FCC-C94C-4B29-8CCB-563DA188057A}.Release|Any CPU.ActiveCfg = Release|Any CPU
		{E22B6FCC-C94C-4B29-8CCB-563DA188057A}.Release|Any CPU.Build.0 = Release|Any CPU
	EndGlobalSection
	GlobalSection(SolutionProperties) = preSolution
		HideSolutionNode = FALSE
	EndGlobalSection
	GlobalSection(ExtensibilityGlobals) = postSolution
		SolutionGuid = {119A8BED-186C-49D2-96FF-A8661864EE6A}
	EndGlobalSection
EndGlobal
